
Microsoft Visual Studio Solution File, Format Version 12.00
# Visual Studio 15
VisualStudioVersion = 15.0.28307.705
MinimumVisualStudioVersion = 10.0.40219.1
Project("{FAE04EC0-301F-11D3-BF4B-00C04F79EFBC}") = "ConsoleFileMerge", "ConsoleFileMerge.csproj", "{CDA6C352-73DE-4641-B180-0DB038BFE078}"
EndProject
Global
	GlobalSection(SolutionConfigurationPlatforms) = preSolution
		Debug|Any CPU = Debug|Any CPU
		Release|Any CPU = Release|Any CPU
	EndGlobalSection
	GlobalSection(ProjectConfigurationPlatforms) = postSolution
		{CDA6C352-73DE-4641-B180-0DB038BFE078}.Debug|Any CPU.ActiveCfg = Debug|Any CPU
		{CDA6C352-73DE-4641-B180-0DB038BFE078}.Debug|Any CPU.Build.0 = Debug|Any CPU
		{CDA6C352-73DE-4641-B180-0DB038BFE078}.Release|Any CPU.ActiveCfg = Release|Any CPU
		{CDA6C352-73DE-4641-B180-0DB038BFE078}.Release|Any CPU.Build.0 = Release|Any CPU
	EndGlobalSection
	GlobalSection(SolutionProperties) = preSolution
		HideSolutionNode = FALSE
	EndGlobalSection
	GlobalSection(ExtensibilityGlobals) = postSolution
		SolutionGuid = {3D7D567D-1B90-40C9-9DC5-883CB67E9E87}
	EndGlobalSection
EndGlobal
